
Microsoft Visual Studio Solution File, Format Version 12.00
# Visual Studio Version 17
VisualStudioVersion = 17.13.35825.156 d17.13
MinimumVisualStudioVersion = 10.0.40219.1
Project("{FAE04EC0-301F-11D3-BF4B-00C04F79EFBC}") = "ThamerDraidi-Task1", "ThamerDraidi-Task1\ThamerDraidi-Task1.csproj", "{1A817028-CDC8-4B17-89FC-BA1E04683ACF}"
EndProject
Global
	GlobalSection(SolutionConfigurationPlatforms) = preSolution
		Debug|Any CPU = Debug|Any CPU
		Release|Any CPU = Release|Any CPU
	EndGlobalSection
	GlobalSection(ProjectConfigurationPlatforms) = postSolution
		{1A817028-CDC8-4B17-89FC-BA1E04683ACF}.Debug|Any CPU.ActiveCfg = Debug|Any CPU
		{1A817028-CDC8-4B17-89FC-BA1E04683ACF}.Debug|Any CPU.Build.0 = Debug|Any CPU
		{1A817028-CDC8-4B17-89FC-BA1E04683ACF}.Release|Any CPU.ActiveCfg = Release|Any CPU
		{1A817028-CDC8-4B17-89FC-BA1E04683ACF}.Release|Any CPU.Build.0 = Release|Any CPU
	EndGlobalSection
	GlobalSection(SolutionProperties) = preSolution
		HideSolutionNode = FALSE
	EndGlobalSection
	GlobalSection(ExtensibilityGlobals) = postSolution
		SolutionGuid = {ECD891C7-C03D-4C80-BD1F-15E42C2515A6}
	EndGlobalSection
EndGlobal
